{
  "lockfileVersion": 1,
  "configVersion": 1,
  "workspaces": {
    "": {
      "dependencies": {
        "@moonrepo/cli": "^2.0.4",
      },
    },
  },
  "packages": {
    "@moonrepo/cli": ["@moonrepo/cli@2.0.4", "", { "dependencies": { "detect-libc": "^2.1.2" }, "optionalDependencies": { "@moonrepo/core-linux-arm64-gnu": "2.0.4", "@moonrepo/core-linux-arm64-musl": "2.0.4", "@moonrepo/core-linux-x64-gnu": "2.0.4", "@moonrepo/core-linux-x64-musl": "2.0.4", "@moonrepo/core-macos-arm64": "2.0.4", "@moonrepo/core-windows-x64-msvc": "2.0.4" }, "bin": { "moon": "moon.js", "moonx": "moonx.js" } }, "sha512-cP62Fa7hzToEi0I2i3Gx7zhPPdimVCeW8WqbSlE5y6fhjH38g1N77vZg4A6rcauDEUl/cpA5+vWQyxm4KCsqUA=="],

    "@moonrepo/core-linux-arm64-gnu": ["@moonrepo/core-linux-arm64-gnu@2.0.4", "", { "os": "linux", "cpu": "arm64" }, "sha512-pvMgTfYUN8ARvhOgVumR1j1XQY0V+59qz+Bi9BBmgOJsaB/QosGGWkCfdV2dChpzfE9AELnjIBgrazUGcOX9KA=="],

    "@moonrepo/core-linux-arm64-musl": ["@moonrepo/core-linux-arm64-musl@2.0.4", "", { "os": "linux", "cpu": "arm64" }, "sha512-lF+KuN8ymTR+kynI7OU+CN//V6hSGL9eq8+7VUVFY3cRobyzjEulB7xkPgVYH2C81E8TUK2tp1R79Y8nOgEHaA=="],

    "@moonrepo/core-linux-x64-gnu": ["@moonrepo/core-linux-x64-gnu@2.0.4", "", { "os": "linux", "cpu": "x64" }, "sha512-0auEy/jyMm5vjIZy/dLdrIoOJ0hnoxcEk+veBGwZatS65dSKEvXdUYrYSGWTRvykbsXDBTAaXFUtj1enGzIXmg=="],

    "@moonrepo/core-linux-x64-musl": ["@moonrepo/core-linux-x64-musl@2.0.4", "", { "os": "linux", "cpu": "x64" }, "sha512-h7b7uw8GdhTyZg2R7rHA04mqBIvYvcHtgtVBUXwwZQlh6jprFFtxuvehAdK32PN8sxygwRa+AdTfgq3vZHXFmw=="],

    "@moonrepo/core-macos-arm64": ["@moonrepo/core-macos-arm64@2.0.4", "", { "os": "darwin", "cpu": "arm64" }, "sha512-gz2FO0xRHUOXQjzBAz97S4pShL0YbTeNWLdCuRyjX8SNU1l82TX+l20e6OKfyt6jThWvCZeSiolx7W02xDT+iA=="],

    "@moonrepo/core-windows-x64-msvc": ["@moonrepo/core-windows-x64-msvc@2.0.4", "", { "os": "win32", "cpu": "x64" }, "sha512-LjwpvjWTeusQjpqLNK7N7tVr/IQSd0W8v0L7fUIKBXNGmuONhDCHwgDqSs3yVzwcQMluiHM2qwu9YSKIEVfTIw=="],

    "detect-libc": ["detect-libc@2.1.2", "", {}, "sha512-Btj2BOOO83o3WyH59e8MgXsxEQVcarkUOpEYrubB0urwnN10yQ364rsiByU11nZlqWYZm05i/of7io4mzihBtQ=="],
  }
}
